
Microsoft Visual Studio Solution File, Format Version 12.00
# Visual Studio 2013
VisualStudioVersion = 12.0.30501.0
MinimumVisualStudioVersion = 10.0.40219.1
Project("{8BC9CEB8-8B4A-11D0-8D11-00A0C91BC942}") = "P2GLSL", "P2GLSL.vcxproj", "{999D89A7-5E5B-49B9-BF50-2B7FEE8EEF46}"
EndProject
Global
	GlobalSection(SolutionConfigurationPlatforms) = preSolution
		Debug|Win32 = Debug|Win32
		Release|Win32 = Release|Win32
	EndGlobalSection
	GlobalSection(ProjectConfigurationPlatforms) = postSolution
		{999D89A7-5E5B-49B9-BF50-2B7FEE8EEF46}.Debug|Win32.ActiveCfg = Debug|Win32
		{999D89A7-5E5B-49B9-BF50-2B7FEE8EEF46}.Debug|Win32.Build.0 = Debug|Win32
		{999D89A7-5E5B-49B9-BF50-2B7FEE8EEF46}.Release|Win32.ActiveCfg = Release|Win32
		{999D89A7-5E5B-49B9-BF50-2B7FEE8EEF46}.Release|Win32.Build.0 = Release|Win32
	EndGlobalSection
	GlobalSection(SolutionProperties) = preSolution
		HideSolutionNode = FALSE
	EndGlobalSection
EndGlobal
